# THIS IS AN AUTOGENERATED FILE. DO NOT EDIT THIS FILE DIRECTLY.
# yarn lockfile v1


bootstrap-icons@^1.6.1:
  version "1.6.1"
  resolved "https://registry.yarnpkg.com/bootstrap-icons/-/bootstrap-icons-1.6.1.tgz#66c87beff34840efa5f248b3091c82d9348864e8"
  integrity sha512-MNpF89+njCdVJePDRbCd2DrUusqIyNsPlBrdKqBEXAvFZpwb+Gc8k2VlyF2ueiDQn1PoeTSg9UqQNgx8tGqHAA==

bootstrap@^5.1.3:
  version "5.1.3"
  resolved "https://registry.yarnpkg.com/bootstrap/-/bootstrap-5.1.3.tgz#ba081b0c130f810fa70900acbc1c6d3c28fa8f34"
  integrity sha512-fcQztozJ8jToQWXxVuEyXWW+dSo8AiXWKwiSSrKWsRB/Qt+Ewwza+JWoLKiTuQLaEPhdNAJ7+Dosc9DOIqNy7Q==
